
Microsoft Visual Studio Solution File, Format Version 12.00
# Visual Studio Version 17
VisualStudioVersion = 17.4.33213.308
MinimumVisualStudioVersion = 10.0.40219.1
Project("{FAE04EC0-301F-11D3-BF4B-00C04F79EFBC}") = "PresentaciónVehiculos", "PresentaciónVehiculos\PresentaciónVehiculos.csproj", "{4D123BD8-565F-48A2-B735-F78CA12AD448}"
EndProject
Project("{FAE04EC0-301F-11D3-BF4B-00C04F79EFBC}") = "LibTransportes", "LibTransportes\LibTransportes.csproj", "{DD97FE18-10A1-4759-8F06-5F38182B97AF}"
EndProject
Project("{FAE04EC0-301F-11D3-BF4B-00C04F79EFBC}") = "WindowsEFDatos", "WindowsEFDatos\WindowsEFDatos.csproj", "{152FAE8F-7811-433F-8588-E921274BA5D7}"
EndProject
Project("{FAE04EC0-301F-11D3-BF4B-00C04F79EFBC}") = "WindowsForm", "WindowFormPrueba\WindowsForm.csproj", "{2E1B34F7-700D-42E1-A306-7CC8507FC389}"
EndProject
Global
	GlobalSection(SolutionConfigurationPlatforms) = preSolution
		Debug|Any CPU = Debug|Any CPU
		Release|Any CPU = Release|Any CPU
	EndGlobalSection
	GlobalSection(ProjectConfigurationPlatforms) = postSolution
		{4D123BD8-565F-48A2-B735-F78CA12AD448}.Debug|Any CPU.ActiveCfg = Debug|Any CPU
		{4D123BD8-565F-48A2-B735-F78CA12AD448}.Debug|Any CPU.Build.0 = Debug|Any CPU
		{4D123BD8-565F-48A2-B735-F78CA12AD448}.Release|Any CPU.ActiveCfg = Release|Any CPU
		{4D123BD8-565F-48A2-B735-F78CA12AD448}.Release|Any CPU.Build.0 = Release|Any CPU
		{DD97FE18-10A1-4759-8F06-5F38182B97AF}.Debug|Any CPU.ActiveCfg = Debug|Any CPU
		{DD97FE18-10A1-4759-8F06-5F38182B97AF}.Debug|Any CPU.Build.0 = Debug|Any CPU
		{DD97FE18-10A1-4759-8F06-5F38182B97AF}.Release|Any CPU.ActiveCfg = Release|Any CPU
		{DD97FE18-10A1-4759-8F06-5F38182B97AF}.Release|Any CPU.Build.0 = Release|Any CPU
		{152FAE8F-7811-433F-8588-E921274BA5D7}.Debug|Any CPU.ActiveCfg = Debug|Any CPU
		{152FAE8F-7811-433F-8588-E921274BA5D7}.Debug|Any CPU.Build.0 = Debug|Any CPU
		{152FAE8F-7811-433F-8588-E921274BA5D7}.Release|Any CPU.ActiveCfg = Release|Any CPU
		{152FAE8F-7811-433F-8588-E921274BA5D7}.Release|Any CPU.Build.0 = Release|Any CPU
		{2E1B34F7-700D-42E1-A306-7CC8507FC389}.Debug|Any CPU.ActiveCfg = Debug|Any CPU
		{2E1B34F7-700D-42E1-A306-7CC8507FC389}.Debug|Any CPU.Build.0 = Debug|Any CPU
		{2E1B34F7-700D-42E1-A306-7CC8507FC389}.Release|Any CPU.ActiveCfg = Release|Any CPU
		{2E1B34F7-700D-42E1-A306-7CC8507FC389}.Release|Any CPU.Build.0 = Release|Any CPU
	EndGlobalSection
	GlobalSection(SolutionProperties) = preSolution
		HideSolutionNode = FALSE
	EndGlobalSection
	GlobalSection(ExtensibilityGlobals) = postSolution
		SolutionGuid = {50290727-FA3F-4DF4-A597-EEA96964C807}
	EndGlobalSection
EndGlobal
